# THIS IS AN AUTOGENERATED FILE. DO NOT EDIT THIS FILE DIRECTLY.
# yarn lockfile v1


"@phosphor-icons/react@^2.0.15":
  version "2.0.15"
  resolved "https://registry.yarnpkg.com/@phosphor-icons/react/-/react-2.0.15.tgz#4d8e28484d45649f53a6cd75db161cf8b8379e1d"
  integrity sha512-PQKNcRrfERlC8gJGNz0su0i9xVmeubXSNxucPcbCLDd9u0cwJVTEyYK87muul/svf0UXFdL2Vl6bbeOhT1Mwow==
